{
  "name": "own-md-loader",
  "version": "1.0.0",
  "lockfileVersion": 1,
  "requires": true,
  "dependencies": {
    "@vue/component-compiler-utils": {
      "version": "3.3.0",
      "resolved": "https://registry.npmmirror.com/@vue/component-compiler-utils/download/@vue/component-compiler-utils-3.3.0.tgz?cache=0&sync_timestamp=1635248303132&other_urls=https%3A%2F%2Fregistry.npmmirror.com%2F%40vue%2Fcomponent-compiler-utils%2Fdownload%2F%40vue%2Fcomponent-compiler-utils-3.3.0.tgz",
      "integrity": "sha1-+fX7U0ZLDDeyyNLz+/5E32D2Hck=",
      "dev": true,
      "requires": {
        "consolidate": "^0.15.1",
        "hash-sum": "^1.0.2",
        "lru-cache": "^4.1.2",
        "merge-source-map": "^1.1.0",
        "postcss": "^7.0.36",
        "postcss-selector-parser": "^6.0.2",
        "prettier": "^1.18.2 || ^2.0.0",
        "source-map": "~0.6.1",
        "vue-template-es2015-compiler": "^1.9.0"
      }
    },
    "argparse": {
      "version": "2.0.1",
      "resolved": "https://registry.nlark.com/argparse/download/argparse-2.0.1.tgz",
      "integrity": "sha1-JG9Q88p4oyQPbJl+ipvR6sSeSzg=",
      "dev": true
    },
    "big.js": {
      "version": "5.2.2",
      "resolved": "https://registry.npmmirror.com/big.js/download/big.js-5.2.2.tgz",
      "integrity": "sha1-ZfCvOC9Xi83HQr2cKB6cstd2gyg=",
      "dev": true
    },
    "bluebird": {
      "version": "3.7.2",
      "resolved": "https://registry.nlark.com/bluebird/download/bluebird-3.7.2.tgz",
      "integrity": "sha1-nyKcFb4nJFT/qXOs4NvueaGww28=",
      "dev": true
    },
    "boolbase": {
      "version": "1.0.0",
      "resolved": "https://registry.nlark.com/boolbase/download/boolbase-1.0.0.tgz",
      "integrity": "sha1-aN/1++YMUes3cl6p4+0xDcwed24=",
      "dev": true
    },
    "cheerio": {
      "version": "1.0.0-rc.10",
      "resolved": "https://registry.npmmirror.com/cheerio/download/cheerio-1.0.0-rc.10.tgz",
      "integrity": "sha1-K6Pc38wm55VvwfRA5h1RxkM3nz4=",
      "dev": true,
      "requires": {
        "cheerio-select": "^1.5.0",
        "dom-serializer": "^1.3.2",
        "domhandler": "^4.2.0",
        "htmlparser2": "^6.1.0",
        "parse5": "^6.0.1",
        "parse5-htmlparser2-tree-adapter": "^6.0.1",
        "tslib": "^2.2.0"
      }
    },
    "cheerio-select": {
      "version": "1.5.0",
      "resolved": "https://registry.nlark.com/cheerio-select/download/cheerio-select-1.5.0.tgz",
      "integrity": "sha1-+vPa6zGxfF4anavO4oiq+Kr6WCM=",
      "dev": true,
      "requires": {
        "css-select": "^4.1.3",
        "css-what": "^5.0.1",
        "domelementtype": "^2.2.0",
        "domhandler": "^4.2.0",
        "domutils": "^2.7.0"
      }
    },
    "consolidate": {
      "version": "0.15.1",
      "resolved": "https://registry.npm.taobao.org/consolidate/download/consolidate-0.15.1.tgz",
      "integrity": "sha1-IasEMjXHGgfUXZqtmFk7DbpWurc=",
      "dev": true,
      "requires": {
        "bluebird": "^3.1.1"
      }
    },
    "css-select": {
      "version": "4.2.1",
      "resolved": "https://registry.npmmirror.com/css-select/download/css-select-4.2.1.tgz",
      "integrity": "sha512-/aUslKhzkTNCQUB2qTX84lVmfia9NyjP3WpDGtj/WxhwBzWBYUV3DgUpurHTme8UTPcPlAD1DJ+b0nN/t50zDQ==",
      "dev": true,
      "requires": {
        "boolbase": "^1.0.0",
        "css-what": "^5.1.0",
        "domhandler": "^4.3.0",
        "domutils": "^2.8.0",
        "nth-check": "^2.0.1"
      }
    },
    "css-what": {
      "version": "5.1.0",
      "resolved": "https://registry.npmmirror.com/css-what/download/css-what-5.1.0.tgz",
      "integrity": "sha1-P3tweq32M7r2LCzrhXm1RbtA9/4=",
      "dev": true
    },
    "cssesc": {
      "version": "3.0.0",
      "resolved": "https://registry.nlark.com/cssesc/download/cssesc-3.0.0.tgz",
      "integrity": "sha1-N3QZGZA7hoVl4cCep0dEXNGJg+4=",
      "dev": true
    },
    "dom-serializer": {
      "version": "1.3.2",
      "resolved": "https://registry.nlark.com/dom-serializer/download/dom-serializer-1.3.2.tgz",
      "integrity": "sha1-YgZDfTLO767HFhgDIwx6ILwbTZE=",
      "dev": true,
      "requires": {
        "domelementtype": "^2.0.1",
        "domhandler": "^4.2.0",
        "entities": "^2.0.0"
      }
    },
    "domelementtype": {
      "version": "2.2.0",
      "resolved": "https://registry.nlark.com/domelementtype/download/domelementtype-2.2.0.tgz",
      "integrity": "sha1-mgtsJ4LtahxzI9QiZxg9+b2LHVc=",
      "dev": true
    },
    "domhandler": {
      "version": "4.3.0",
      "resolved": "https://registry.npmmirror.com/domhandler/download/domhandler-4.3.0.tgz",
      "integrity": "sha512-fC0aXNQXqKSFTr2wDNZDhsEYjCiYsDWl3D01kwt25hm1YIPyDGHvvi3rw+PLqHAl/m71MaiF7d5zvBr0p5UB2g==",
      "dev": true,
      "requires": {
        "domelementtype": "^2.2.0"
      }
    },
    "domutils": {
      "version": "2.8.0",
      "resolved": "https://registry.nlark.com/domutils/download/domutils-2.8.0.tgz",
      "integrity": "sha1-RDfe9dtuLR9dbuhZvZXKfQIEgTU=",
      "dev": true,
      "requires": {
        "dom-serializer": "^1.0.1",
        "domelementtype": "^2.2.0",
        "domhandler": "^4.2.0"
      }
    },
    "emojis-list": {
      "version": "3.0.0",
      "resolved": "https://registry.nlark.com/emojis-list/download/emojis-list-3.0.0.tgz",
      "integrity": "sha1-VXBmIEatKeLpFucariYKvf9Pang=",
      "dev": true
    },
    "entities": {
      "version": "2.1.0",
      "resolved": "https://registry.nlark.com/entities/download/entities-2.1.0.tgz",
      "integrity": "sha1-mS0xKc999ocLlsV4WMJJoSD4uLU=",
      "dev": true
    },
    "hash-sum": {
      "version": "1.0.2",
      "resolved": "https://registry.nlark.com/hash-sum/download/hash-sum-1.0.2.tgz",
      "integrity": "sha1-M7QHd3VMZDJXPBIMw4CLvRDUfwQ=",
      "dev": true
    },
    "htmlparser2": {
      "version": "6.1.0",
      "resolved": "https://registry.npmmirror.com/htmlparser2/download/htmlparser2-6.1.0.tgz?cache=0&sync_timestamp=1636640853072&other_urls=https%3A%2F%2Fregistry.npmmirror.com%2Fhtmlparser2%2Fdownload%2Fhtmlparser2-6.1.0.tgz",
      "integrity": "sha1-xNditsM3GgXb5l6UrkOp+EX7j7c=",
      "dev": true,
      "requires": {
        "domelementtype": "^2.0.1",
        "domhandler": "^4.0.0",
        "domutils": "^2.5.2",
        "entities": "^2.0.0"
      }
    },
    "json5": {
      "version": "1.0.1",
      "resolved": "https://registry.nlark.com/json5/download/json5-1.0.1.tgz",
      "integrity": "sha1-d5+wAYYE+oVOrL9iUhgNg1Q+Pb4=",
      "dev": true,
      "requires": {
        "minimist": "^1.2.0"
      }
    },
    "linkify-it": {
      "version": "3.0.3",
      "resolved": "https://registry.npmmirror.com/linkify-it/download/linkify-it-3.0.3.tgz",
      "integrity": "sha1-qYuvRM5FpVDvtNScdp0HUkzC+i4=",
      "dev": true,
      "requires": {
        "uc.micro": "^1.0.1"
      }
    },
    "loader-utils": {
      "version": "3.2.0",
      "resolved": "https://registry.npmmirror.com/loader-utils/download/loader-utils-3.2.0.tgz",
      "integrity": "sha512-HVl9ZqccQihZ7JM85dco1MvO9G+ONvxoGa9rkhzFsneGLKSUg1gJf9bWzhRhcvm2qChhWpebQhP44qxjKIUCaQ==",
      "dev": true
    },
    "lru-cache": {
      "version": "4.1.5",
      "resolved": "https://registry.nlark.com/lru-cache/download/lru-cache-4.1.5.tgz",
      "integrity": "sha1-i75Q6oW+1ZvJ4z3KuCNe6bz0Q80=",
      "dev": true,
      "requires": {
        "pseudomap": "^1.0.2",
        "yallist": "^2.1.2"
      }
    },
    "markdown-it": {
      "version": "12.3.0",
      "resolved": "https://registry.npmmirror.com/markdown-it/download/markdown-it-12.3.0.tgz",
      "integrity": "sha512-T345UZZ6ejQWTjG6PSEHplzNy5m4kF6zvUpHVDv8Snl/pEU0OxIK0jGg8YLVNwJvT8E0YJC7/2UvssJDk/wQCQ==",
      "dev": true,
      "requires": {
        "argparse": "^2.0.1",
        "entities": "~2.1.0",
        "linkify-it": "^3.0.1",
        "mdurl": "^1.0.1",
        "uc.micro": "^1.0.5"
      }
    },
    "mdurl": {
      "version": "1.0.1",
      "resolved": "https://registry.npm.taobao.org/mdurl/download/mdurl-1.0.1.tgz",
      "integrity": "sha1-/oWy7HWlkDfyrf7BAP1sYBdhFS4=",
      "dev": true
    },
    "merge-source-map": {
      "version": "1.1.0",
      "resolved": "https://registry.nlark.com/merge-source-map/download/merge-source-map-1.1.0.tgz",
      "integrity": "sha1-L93n5gIJOfcJBqaPLXrmheTIxkY=",
      "dev": true,
      "requires": {
        "source-map": "^0.6.1"
      }
    },
    "minimist": {
      "version": "1.2.5",
      "resolved": "https://registry.nlark.com/minimist/download/minimist-1.2.5.tgz?cache=0&sync_timestamp=1622685831901&other_urls=https%3A%2F%2Fregistry.nlark.com%2Fminimist%2Fdownload%2Fminimist-1.2.5.tgz",
      "integrity": "sha1-Z9ZgFLZqaoqqDAg8X9WN9OTpdgI=",
      "dev": true
    },
    "nth-check": {
      "version": "2.0.1",
      "resolved": "https://registry.nlark.com/nth-check/download/nth-check-2.0.1.tgz",
      "integrity": "sha1-Lv4WL1w9oGoolZ+9PbddvuqfD8I=",
      "dev": true,
      "requires": {
        "boolbase": "^1.0.0"
      }
    },
    "parse5": {
      "version": "6.0.1",
      "resolved": "https://registry.nlark.com/parse5/download/parse5-6.0.1.tgz",
      "integrity": "sha1-4aHAhcVps9wIMhGE8Zo5zCf3wws=",
      "dev": true
    },
    "parse5-htmlparser2-tree-adapter": {
      "version": "6.0.1",
      "resolved": "https://registry.nlark.com/parse5-htmlparser2-tree-adapter/download/parse5-htmlparser2-tree-adapter-6.0.1.tgz",
      "integrity": "sha1-LN+a2CMyEUA3DU2/XT6Sx8jdxuY=",
      "dev": true,
      "requires": {
        "parse5": "^6.0.1"
      }
    },
    "picocolors": {
      "version": "0.2.1",
      "resolved": "https://registry.npmmirror.com/picocolors/download/picocolors-0.2.1.tgz?cache=0&sync_timestamp=1634093378416&other_urls=https%3A%2F%2Fregistry.npmmirror.com%2Fpicocolors%2Fdownload%2Fpicocolors-0.2.1.tgz",
      "integrity": "sha1-VwZw95NkaFHRuhNZlpYqutWHhZ8=",
      "dev": true
    },
    "postcss": {
      "version": "7.0.39",
      "resolved": "https://registry.npmmirror.com/postcss/download/postcss-7.0.39.tgz",
      "integrity": "sha512-yioayjNbHn6z1/Bywyb2Y4s3yvDAeXGOyxqD+LnVOinq6Mdmd++SW2wUNVzavyyHxd6+DxzWGIuosg6P1Rj8uA==",
      "dev": true,
      "requires": {
        "picocolors": "^0.2.1",
        "source-map": "^0.6.1"
      }
    },
    "postcss-selector-parser": {
      "version": "6.0.8",
      "resolved": "https://registry.npmmirror.com/postcss-selector-parser/download/postcss-selector-parser-6.0.8.tgz",
      "integrity": "sha512-D5PG53d209Z1Uhcc0qAZ5U3t5HagH3cxu+WLZ22jt3gLUpXM4eXXfiO14jiDWST3NNooX/E8wISfOhZ9eIjGTQ==",
      "dev": true,
      "requires": {
        "cssesc": "^3.0.0",
        "util-deprecate": "^1.0.2"
      }
    },
    "prettier": {
      "version": "2.5.1",
      "resolved": "https://registry.npmmirror.com/prettier/download/prettier-2.5.1.tgz",
      "integrity": "sha512-vBZcPRUR5MZJwoyi3ZoyQlc1rXeEck8KgeC9AwwOn+exuxLxq5toTRDTSaVrXHxelDMHy9zlicw8u66yxoSUFg==",
      "dev": true,
      "optional": true
    },
    "pseudomap": {
      "version": "1.0.2",
      "resolved": "https://registry.nlark.com/pseudomap/download/pseudomap-1.0.2.tgz",
      "integrity": "sha1-8FKijacOYYkX7wqKw0wa5aaChrM=",
      "dev": true
    },
    "source-map": {
      "version": "0.6.1",
      "resolved": "https://registry.nlark.com/source-map/download/source-map-0.6.1.tgz",
      "integrity": "sha1-dHIq8y6WFOnCh6jQu95IteLxomM=",
      "dev": true
    },
    "tslib": {
      "version": "2.3.1",
      "resolved": "https://registry.nlark.com/tslib/download/tslib-2.3.1.tgz",
      "integrity": "sha1-6KM1rdXOrlGqJh0ypJAVjvBC7wE=",
      "dev": true
    },
    "uc.micro": {
      "version": "1.0.6",
      "resolved": "https://registry.npm.taobao.org/uc.micro/download/uc.micro-1.0.6.tgz",
      "integrity": "sha1-nEEagCpAmpH8bPdAgbq6NLJEmaw=",
      "dev": true
    },
    "util-deprecate": {
      "version": "1.0.2",
      "resolved": "https://registry.nlark.com/util-deprecate/download/util-deprecate-1.0.2.tgz",
      "integrity": "sha1-RQ1Nyfpw3nMnYvvS1KKJgUGaDM8=",
      "dev": true
    },
    "vue-hot-reload-api": {
      "version": "2.3.4",
      "resolved": "https://registry.nlark.com/vue-hot-reload-api/download/vue-hot-reload-api-2.3.4.tgz",
      "integrity": "sha1-UylVzB6yCKPZkLOp+acFdGV+CPI=",
      "dev": true
    },
    "vue-loader": {
      "version": "15.9.8",
      "resolved": "https://registry.npmmirror.com/vue-loader/download/vue-loader-15.9.8.tgz",
      "integrity": "sha512-GwSkxPrihfLR69/dSV3+5CdMQ0D+jXg8Ma1S4nQXKJAznYFX14vHdc/NetQc34Dw+rBbIJyP7JOuVb9Fhprvog==",
      "dev": true,
      "requires": {
        "@vue/component-compiler-utils": "^3.1.0",
        "hash-sum": "^1.0.2",
        "loader-utils": "^1.1.0",
        "vue-hot-reload-api": "^2.3.0",
        "vue-style-loader": "^4.1.0"
      },
      "dependencies": {
        "loader-utils": {
          "version": "1.4.0",
          "resolved": "https://registry.npmmirror.com/loader-utils/download/loader-utils-1.4.0.tgz",
          "integrity": "sha1-xXm140yzSxp07cbB+za/o3HVphM=",
          "dev": true,
          "requires": {
            "big.js": "^5.2.2",
            "emojis-list": "^3.0.0",
            "json5": "^1.0.1"
          }
        }
      }
    },
    "vue-style-loader": {
      "version": "4.1.3",
      "resolved": "https://registry.nlark.com/vue-style-loader/download/vue-style-loader-4.1.3.tgz",
      "integrity": "sha1-bVWGOlH6dXqyTonZNxRlByqnvDU=",
      "dev": true,
      "requires": {
        "hash-sum": "^1.0.2",
        "loader-utils": "^1.0.2"
      },
      "dependencies": {
        "loader-utils": {
          "version": "1.4.0",
          "resolved": "https://registry.npmmirror.com/loader-utils/download/loader-utils-1.4.0.tgz",
          "integrity": "sha1-xXm140yzSxp07cbB+za/o3HVphM=",
          "dev": true,
          "requires": {
            "big.js": "^5.2.2",
            "emojis-list": "^3.0.0",
            "json5": "^1.0.1"
          }
        }
      }
    },
    "vue-template-es2015-compiler": {
      "version": "1.9.1",
      "resolved": "https://registry.nlark.com/vue-template-es2015-compiler/download/vue-template-es2015-compiler-1.9.1.tgz",
      "integrity": "sha1-HuO8mhbsv1EYvjNLsV+cRvgvWCU=",
      "dev": true
    },
    "yallist": {
      "version": "2.1.2",
      "resolved": "https://registry.nlark.com/yallist/download/yallist-2.1.2.tgz",
      "integrity": "sha1-HBH5IY8HYImkfdUS+TxmmaaoHVI=",
      "dev": true
    }
  }
}
